// !$*UTF8*$!
{
	archiveVersion = 1;
	classes = {
	};
	objectVersion = 55;
	objects = {

/* Begin PBXBuildFile section */
		664C19152790129500D17D94 /* Adam_20220113_MemorizeApp.swift in Sources */ = {isa = PBXBuildFile; fileRef = 664C19142790129500D17D94 /* Adam_20220113_MemorizeApp.swift */; };
		664C19172790129500D17D94 /* EmojiMemoryGameView.swift in Sources */ = {isa = PBXBuildFile; fileRef = 664C19162790129500D17D94 /* EmojiMemoryGameView.swift */; };
		664C19192790129700D17D94 /* Assets.xcassets in Resources */ = {isa = PBXBuildFile; fileRef = 664C19182790129700D17D94 /* Assets.xcassets */; };
		664C191C2790129700D17D94 /* Preview Assets.xcassets in Resources */ = {isa = PBXBuildFile; fileRef = 664C191B2790129700D17D94 /* Preview Assets.xcassets */; };
		6660F79527930652000A58FA /* Grid.swift in Sources */ = {isa = PBXBuildFile; fileRef = 6660F79427930652000A58FA /* Grid.swift */; };
		6660F79727930A7C000A58FA /* GridLayout.swift in Sources */ = {isa = PBXBuildFile; fileRef = 6660F79627930A7C000A58FA /* GridLayout.swift */; };
		6660F79A27930E3C000A58FA /* Array+Identifiable.swift in Sources */ = {isa = PBXBuildFile; fileRef = 6660F79927930E3C000A58FA /* Array+Identifiable.swift */; };
		6660F79C27932335000A58FA /* Array+Only.swift in Sources */ = {isa = PBXBuildFile; fileRef = 6660F79B27932335000A58FA /* Array+Only.swift */; };
		66648BD6279A9563006C1A76 /* OptionalImage.swift in Sources */ = {isa = PBXBuildFile; fileRef = 66648BD5279A9563006C1A76 /* OptionalImage.swift */; };
		66648BD8279A99DB006C1A76 /* AnimatableSystemFontModifier.swift in Sources */ = {isa = PBXBuildFile; fileRef = 66648BD7279A99DB006C1A76 /* AnimatableSystemFontModifier.swift */; };
		667CD7B82791773C008672BB /* MemoryGame.swift in Sources */ = {isa = PBXBuildFile; fileRef = 667CD7B72791773B008672BB /* MemoryGame.swift */; };
		66858F6227941E2400C00F94 /* Pie.swift in Sources */ = {isa = PBXBuildFile; fileRef = 66858F6127941E2400C00F94 /* Pie.swift */; };
		66858F642794279600C00F94 /* Cardify.swift in Sources */ = {isa = PBXBuildFile; fileRef = 66858F632794279600C00F94 /* Cardify.swift */; };
		6687F1F52791C43900975B61 /* EmojiMemoryGame.swift in Sources */ = {isa = PBXBuildFile; fileRef = 6687F1F42791C43900975B61 /* EmojiMemoryGame.swift */; };
		668E80A92798F981002B94D1 /* Adam_20220120_EmojiArtApp.swift in Sources */ = {isa = PBXBuildFile; fileRef = 668E80A82798F981002B94D1 /* Adam_20220120_EmojiArtApp.swift */; };
		668E80AD2798F984002B94D1 /* Assets.xcassets in Resources */ = {isa = PBXBuildFile; fileRef = 668E80AC2798F984002B94D1 /* Assets.xcassets */; };
		668E80B02798F984002B94D1 /* Preview Assets.xcassets in Resources */ = {isa = PBXBuildFile; fileRef = 668E80AF2798F984002B94D1 /* Preview Assets.xcassets */; };
		66A0F66C2798FA5600AFD51F /* EmojiArtDocument.swift in Sources */ = {isa = PBXBuildFile; fileRef = 66A0F66B2798FA5600AFD51F /* EmojiArtDocument.swift */; };
		66A0F66E2798FA6800AFD51F /* EmojiArtDocumentView.swift in Sources */ = {isa = PBXBuildFile; fileRef = 66A0F66D2798FA6800AFD51F /* EmojiArtDocumentView.swift */; };
		66A0F6702798FA7800AFD51F /* EmojiArt.swift in Sources */ = {isa = PBXBuildFile; fileRef = 66A0F66F2798FA7800AFD51F /* EmojiArt.swift */; };
		66A0F6722798FCC100AFD51F /* EmojiArtExtensions.swift in Sources */ = {isa = PBXBuildFile; fileRef = 66A0F6712798FCC100AFD51F /* EmojiArtExtensions.swift */; };
/* End PBXBuildFile section */

/* Begin PBXFileReference section */
		664C19112790129500D17D94 /* Adam_20220113_Memorize.app */ = {isa = PBXFileReference; explicitFileType = wrapper.application; includeInIndex = 0; path = Adam_20220113_Memorize.app; sourceTree = BUILT_PRODUCTS_DIR; };
		664C19142790129500D17D94 /* Adam_20220113_MemorizeApp.swift */ = {isa = PBXFileReference; lastKnownFileType = sourcecode.swift; path = Adam_20220113_MemorizeApp.swift; sourceTree = "<group>"; };
		664C19162790129500D17D94 /* EmojiMemoryGameView.swift */ = {isa = PBXFileReference; lastKnownFileType = sourcecode.swift; path = EmojiMemoryGameView.swift; sourceTree = "<group>"; };
		664C19182790129700D17D94 /* Assets.xcassets */ = {isa = PBXFileReference; lastKnownFileType = folder.assetcatalog; path = Assets.xcassets; sourceTree = "<group>"; };
		664C191B2790129700D17D94 /* Preview Assets.xcassets */ = {isa = PBXFileReference; lastKnownFileType = folder.assetcatalog; path = "Preview Assets.xcassets"; sourceTree = "<group>"; };
		6660F79427930652000A58FA /* Grid.swift */ = {isa = PBXFileReference; lastKnownFileType = sourcecode.swift; path = Grid.swift; sourceTree = "<group>"; };
		6660F79627930A7C000A58FA /* GridLayout.swift */ = {isa = PBXFileReference; fileEncoding = 4; lastKnownFileType = sourcecode.swift; path = GridLayout.swift; sourceTree = "<group>"; };
		6660F79927930E3C000A58FA /* Array+Identifiable.swift */ = {isa = PBXFileReference; lastKnownFileType = sourcecode.swift; path = "Array+Identifiable.swift"; sourceTree = "<group>"; };
		6660F79B27932335000A58FA /* Array+Only.swift */ = {isa = PBXFileReference; lastKnownFileType = sourcecode.swift; path = "Array+Only.swift"; sourceTree = "<group>"; };
		66648BD5279A9563006C1A76 /* OptionalImage.swift */ = {isa = PBXFileReference; lastKnownFileType = sourcecode.swift; path = OptionalImage.swift; sourceTree = "<group>"; };
		66648BD7279A99DB006C1A76 /* AnimatableSystemFontModifier.swift */ = {isa = PBXFileReference; fileEncoding = 4; lastKnownFileType = sourcecode.swift; path = AnimatableSystemFontModifier.swift; sourceTree = "<group>"; };
		667CD7B72791773B008672BB /* MemoryGame.swift */ = {isa = PBXFileReference; lastKnownFileType = sourcecode.swift; path = MemoryGame.swift; sourceTree = "<group>"; };
		66858F6127941E2400C00F94 /* Pie.swift */ = {isa = PBXFileReference; lastKnownFileType = sourcecode.swift; path = Pie.swift; sourceTree = "<group>"; };
		66858F632794279600C00F94 /* Cardify.swift */ = {isa = PBXFileReference; lastKnownFileType = sourcecode.swift; path = Cardify.swift; sourceTree = "<group>"; };
		6687F1F42791C43900975B61 /* EmojiMemoryGame.swift */ = {isa = PBXFileReference; lastKnownFileType = sourcecode.swift; path = EmojiMemoryGame.swift; sourceTree = "<group>"; };
		668E80A62798F980002B94D1 /* EmojiArt.app */ = {isa = PBXFileReference; explicitFileType = wrapper.application; includeInIndex = 0; path = EmojiArt.app; sourceTree = BUILT_PRODUCTS_DIR; };
		668E80A82798F981002B94D1 /* Adam_20220120_EmojiArtApp.swift */ = {isa = PBXFileReference; lastKnownFileType = sourcecode.swift; path = Adam_20220120_EmojiArtApp.swift; sourceTree = "<group>"; };
		668E80AC2798F984002B94D1 /* Assets.xcassets */ = {isa = PBXFileReference; lastKnownFileType = folder.assetcatalog; path = Assets.xcassets; sourceTree = "<group>"; };
		668E80AF2798F984002B94D1 /* Preview Assets.xcassets */ = {isa = PBXFileReference; lastKnownFileType = folder.assetcatalog; path = "Preview Assets.xcassets"; sourceTree = "<group>"; };
		66A0F66B2798FA5600AFD51F /* EmojiArtDocument.swift */ = {isa = PBXFileReference; lastKnownFileType = sourcecode.swift; path = EmojiArtDocument.swift; sourceTree = "<group>"; };
		66A0F66D2798FA6800AFD51F /* EmojiArtDocumentView.swift */ = {isa = PBXFileReference; lastKnownFileType = sourcecode.swift; path = EmojiArtDocumentView.swift; sourceTree = "<group>"; };
		66A0F66F2798FA7800AFD51F /* EmojiArt.swift */ = {isa = PBXFileReference; lastKnownFileType = sourcecode.swift; path = EmojiArt.swift; sourceTree = "<group>"; };
		66A0F6712798FCC100AFD51F /* EmojiArtExtensions.swift */ = {isa = PBXFileReference; fileEncoding = 4; lastKnownFileType = sourcecode.swift; path = EmojiArtExtensions.swift; sourceTree = "<group>"; };
/* End PBXFileReference section */

/* Begin PBXFrameworksBuildPhase section */
		664C190E2790129500D17D94 /* Frameworks */ = {
			isa = PBXFrameworksBuildPhase;
			buildActionMask = 2147483647;
			files = (
			);
			runOnlyForDeploymentPostprocessing = 0;
		};
		668E80A32798F980002B94D1 /* Frameworks */ = {
			isa = PBXFrameworksBuildPhase;
			buildActionMask = 2147483647;
			files = (
			);
			runOnlyForDeploymentPostprocessing = 0;
		};
/* End PBXFrameworksBuildPhase section */

/* Begin PBXGroup section */
		664C19082790129500D17D94 = {
			isa = PBXGroup;
			children = (
				664C19132790129500D17D94 /* Adam_20220113_Memorize */,
				668E80A72798F981002B94D1 /* Adam_20220120_EmojiArt */,
				664C19122790129500D17D94 /* Products */,
			);
			sourceTree = "<group>";
		};
		664C19122790129500D17D94 /* Products */ = {
			isa = PBXGroup;
			children = (
				664C19112790129500D17D94 /* Adam_20220113_Memorize.app */,
				668E80A62798F980002B94D1 /* EmojiArt.app */,
			);
			name = Products;
			sourceTree = "<group>";
		};
		664C19132790129500D17D94 /* Adam_20220113_Memorize */ = {
			isa = PBXGroup;
			children = (
				664C19142790129500D17D94 /* Adam_20220113_MemorizeApp.swift */,
				664C19162790129500D17D94 /* EmojiMemoryGameView.swift */,
				66858F6127941E2400C00F94 /* Pie.swift */,
				66858F632794279600C00F94 /* Cardify.swift */,
				6660F79B27932335000A58FA /* Array+Only.swift */,
				6660F79927930E3C000A58FA /* Array+Identifiable.swift */,
				6660F79827930A8A000A58FA /* Grid */,
				667CD7B72791773B008672BB /* MemoryGame.swift */,
				6687F1F42791C43900975B61 /* EmojiMemoryGame.swift */,
				664C19182790129700D17D94 /* Assets.xcassets */,
				664C191A2790129700D17D94 /* Preview Content */,
			);
			path = Adam_20220113_Memorize;
			sourceTree = "<group>";
		};
		664C191A2790129700D17D94 /* Preview Content */ = {
			isa = PBXGroup;
			children = (
				664C191B2790129700D17D94 /* Preview Assets.xcassets */,
			);
			path = "Preview Content";
			sourceTree = "<group>";
		};
		6660F79827930A8A000A58FA /* Grid */ = {
			isa = PBXGroup;
			children = (
				6660F79427930652000A58FA /* Grid.swift */,
				6660F79627930A7C000A58FA /* GridLayout.swift */,
			);
			path = Grid;
			sourceTree = "<group>";
		};
		668E80A72798F981002B94D1 /* Adam_20220120_EmojiArt */ = {
			isa = PBXGroup;
			children = (
				668E80A82798F981002B94D1 /* Adam_20220120_EmojiArtApp.swift */,
				66A0F66D2798FA6800AFD51F /* EmojiArtDocumentView.swift */,
				66648BD5279A9563006C1A76 /* OptionalImage.swift */,
				66A0F66B2798FA5600AFD51F /* EmojiArtDocument.swift */,
				66648BD7279A99DB006C1A76 /* AnimatableSystemFontModifier.swift */,
				66A0F6712798FCC100AFD51F /* EmojiArtExtensions.swift */,
				66A0F66F2798FA7800AFD51F /* EmojiArt.swift */,
				668E80AC2798F984002B94D1 /* Assets.xcassets */,
				668E80AE2798F984002B94D1 /* Preview Content */,
			);
			path = Adam_20220120_EmojiArt;
			sourceTree = "<group>";
		};
		668E80AE2798F984002B94D1 /* Preview Content */ = {
			isa = PBXGroup;
			children = (
				668E80AF2798F984002B94D1 /* Preview Assets.xcassets */,
			);
			path = "Preview Content";
			sourceTree = "<group>";
		};
/* End PBXGroup section */

/* Begin PBXNativeTarget section */
		664C19102790129500D17D94 /* Adam_20220113_Memorize */ = {
			isa = PBXNativeTarget;
			buildConfigurationList = 664C191F2790129700D17D94 /* Build configuration list for PBXNativeTarget "Adam_20220113_Memorize" */;
			buildPhases = (
				664C190D2790129500D17D94 /* Sources */,
				664C190E2790129500D17D94 /* Frameworks */,
				664C190F2790129500D17D94 /* Resources */,
			);
			buildRules = (
			);
			dependencies = (
			);
			name = Adam_20220113_Memorize;
			productName = Adam_20220113_Memorize;
			productReference = 664C19112790129500D17D94 /* Adam_20220113_Memorize.app */;
			productType = "com.apple.product-type.application";
		};
		668E80A52798F980002B94D1 /* Adam_20220120_EmojiArt */ = {
			isa = PBXNativeTarget;
			buildConfigurationList = 668E80B32798F984002B94D1 /* Build configuration list for PBXNativeTarget "Adam_20220120_EmojiArt" */;
			buildPhases = (
				668E80A22798F980002B94D1 /* Sources */,
				668E80A32798F980002B94D1 /* Frameworks */,
				668E80A42798F980002B94D1 /* Resources */,
			);
			buildRules = (
			);
			dependencies = (
			);
			name = Adam_20220120_EmojiArt;
			productName = Adam_20220120_EmojiArt;
			productReference = 668E80A62798F980002B94D1 /* EmojiArt.app */;
			productType = "com.apple.product-type.application";
		};
/* End PBXNativeTarget section */

/* Begin PBXProject section */
		664C19092790129500D17D94 /* Project object */ = {
			isa = PBXProject;
			attributes = {
				BuildIndependentTargetsInParallel = 1;
				LastSwiftUpdateCheck = 1320;
				LastUpgradeCheck = 1320;
				TargetAttributes = {
					664C19102790129500D17D94 = {
						CreatedOnToolsVersion = 13.2;
					};
					668E80A52798F980002B94D1 = {
						CreatedOnToolsVersion = 13.2;
					};
				};
			};
			buildConfigurationList = 664C190C2790129500D17D94 /* Build configuration list for PBXProject "Adam_20220113_Memorize" */;
			compatibilityVersion = "Xcode 13.0";
			developmentRegion = en;
			hasScannedForEncodings = 0;
			knownRegions = (
				en,
				Base,
			);
			mainGroup = 664C19082790129500D17D94;
			productRefGroup = 664C19122790129500D17D94 /* Products */;
			projectDirPath = "";
			projectRoot = "";
			targets = (
				664C19102790129500D17D94 /* Adam_20220113_Memorize */,
				668E80A52798F980002B94D1 /* Adam_20220120_EmojiArt */,
			);
		};
/* End PBXProject section */

/* Begin PBXResourcesBuildPhase section */
		664C190F2790129500D17D94 /* Resources */ = {
			isa = PBXResourcesBuildPhase;
			buildActionMask = 2147483647;
			files = (
				664C191C2790129700D17D94 /* Preview Assets.xcassets in Resources */,
				664C19192790129700D17D94 /* Assets.xcassets in Resources */,
			);
			runOnlyForDeploymentPostprocessing = 0;
		};
		668E80A42798F980002B94D1 /* Resources */ = {
			isa = PBXResourcesBuildPhase;
			buildActionMask = 2147483647;
			files = (
				668E80B02798F984002B94D1 /* Preview Assets.xcassets in Resources */,
				668E80AD2798F984002B94D1 /* Assets.xcassets in Resources */,
			);
			runOnlyForDeploymentPostprocessing = 0;
		};
/* End PBXResourcesBuildPhase section */

/* Begin PBXSourcesBuildPhase section */
		664C190D2790129500D17D94 /* Sources */ = {
			isa = PBXSourcesBuildPhase;
			buildActionMask = 2147483647;
			files = (
				667CD7B82791773C008672BB /* MemoryGame.swift in Sources */,
				664C19172790129500D17D94 /* EmojiMemoryGameView.swift in Sources */,
				664C19152790129500D17D94 /* Adam_20220113_MemorizeApp.swift in Sources */,
				66858F6227941E2400C00F94 /* Pie.swift in Sources */,
				6660F79727930A7C000A58FA /* GridLayout.swift in Sources */,
				6660F79527930652000A58FA /* Grid.swift in Sources */,
				6660F79A27930E3C000A58FA /* Array+Identifiable.swift in Sources */,
				6687F1F52791C43900975B61 /* EmojiMemoryGame.swift in Sources */,
				66858F642794279600C00F94 /* Cardify.swift in Sources */,
				6660F79C27932335000A58FA /* Array+Only.swift in Sources */,
			);
			runOnlyForDeploymentPostprocessing = 0;
		};
		668E80A22798F980002B94D1 /* Sources */ = {
			isa = PBXSourcesBuildPhase;
			buildActionMask = 2147483647;
			files = (
				66648BD8279A99DB006C1A76 /* AnimatableSystemFontModifier.swift in Sources */,
				66A0F66C2798FA5600AFD51F /* EmojiArtDocument.swift in Sources */,
				66A0F6722798FCC100AFD51F /* EmojiArtExtensions.swift in Sources */,
				66A0F6702798FA7800AFD51F /* EmojiArt.swift in Sources */,
				66648BD6279A9563006C1A76 /* OptionalImage.swift in Sources */,
				66A0F66E2798FA6800AFD51F /* EmojiArtDocumentView.swift in Sources */,
				668E80A92798F981002B94D1 /* Adam_20220120_EmojiArtApp.swift in Sources */,
			);
			runOnlyForDeploymentPostprocessing = 0;
		};
/* End PBXSourcesBuildPhase section */

/* Begin XCBuildConfiguration section */
		664C191D2790129700D17D94 /* Debug */ = {
			isa = XCBuildConfiguration;
			buildSettings = {
				ALWAYS_SEARCH_USER_PATHS = NO;
				CLANG_ANALYZER_NONNULL = YES;
				CLANG_ANALYZER_NUMBER_OBJECT_CONVERSION = YES_AGGRESSIVE;
				CLANG_CXX_LANGUAGE_STANDARD = "gnu++17";
				CLANG_CXX_LIBRARY = "libc++";
				CLANG_ENABLE_MODULES = YES;
				CLANG_ENABLE_OBJC_ARC = YES;
				CLANG_ENABLE_OBJC_WEAK = YES;
				CLANG_WARN_BLOCK_CAPTURE_AUTORELEASING = YES;
				CLANG_WARN_BOOL_CONVERSION = YES;
				CLANG_WARN_COMMA = YES;
				CLANG_WARN_CONSTANT_CONVERSION = YES;
				CLANG_WARN_DEPRECATED_OBJC_IMPLEMENTATIONS = YES;
				CLANG_WARN_DIRECT_OBJC_ISA_USAGE = YES_ERROR;
				CLANG_WARN_DOCUMENTATION_COMMENTS = YES;
				CLANG_WARN_EMPTY_BODY = YES;
				CLANG_WARN_ENUM_CONVERSION = YES;
				CLANG_WARN_INFINITE_RECURSION = YES;
				CLANG_WARN_INT_CONVERSION = YES;
				CLANG_WARN_NON_LITERAL_NULL_CONVERSION = YES;
				CLANG_WARN_OBJC_IMPLICIT_RETAIN_SELF = YES;
				CLANG_WARN_OBJC_LITERAL_CONVERSION = YES;
				CLANG_WARN_OBJC_ROOT_CLASS = YES_ERROR;
				CLANG_WARN_QUOTED_INCLUDE_IN_FRAMEWORK_HEADER = YES;
				CLANG_WARN_RANGE_LOOP_ANALYSIS = YES;
				CLANG_WARN_STRICT_PROTOTYPES = YES;
				CLANG_WARN_SUSPICIOUS_MOVE = YES;
				CLANG_WARN_UNGUARDED_AVAILABILITY = YES_AGGRESSIVE;
				CLANG_WARN_UNREACHABLE_CODE = YES;
				CLANG_WARN__DUPLICATE_METHOD_MATCH = YES;
				COPY_PHASE_STRIP = NO;
				DEBUG_INFORMATION_FORMAT = dwarf;
				ENABLE_STRICT_OBJC_MSGSEND = YES;
				ENABLE_TESTABILITY = YES;
				GCC_C_LANGUAGE_STANDARD = gnu11;
				GCC_DYNAMIC_NO_PIC = NO;
				GCC_NO_COMMON_BLOCKS = YES;
				GCC_OPTIMIZATION_LEVEL = 0;
				GCC_PREPROCESSOR_DEFINITIONS = (
					"DEBUG=1",
					"$(inherited)",
				);
				GCC_WARN_64_TO_32_BIT_CONVERSION = YES;
				GCC_WARN_ABOUT_RETURN_TYPE = YES_ERROR;
				GCC_WARN_UNDECLARED_SELECTOR = YES;
				GCC_WARN_UNINITIALIZED_AUTOS = YES_AGGRESSIVE;
				GCC_WARN_UNUSED_FUNCTION = YES;
				GCC_WARN_UNUSED_VARIABLE = YES;
				IPHONEOS_DEPLOYMENT_TARGET = 14.0;
				MTL_ENABLE_DEBUG_INFO = INCLUDE_SOURCE;
				MTL_FAST_MATH = YES;
				ONLY_ACTIVE_ARCH = YES;
				SDKROOT = iphoneos;
				SWIFT_ACTIVE_COMPILATION_CONDITIONS = DEBUG;
				SWIFT_OPTIMIZATION_LEVEL = "-Onone";
			};
			name = Debug;
		};
		664C191E2790129700D17D94 /* Release */ = {
			isa = XCBuildConfiguration;
			buildSettings = {
				ALWAYS_SEARCH_USER_PATHS = NO;
				CLANG_ANALYZER_NONNULL = YES;
				CLANG_ANALYZER_NUMBER_OBJECT_CONVERSION = YES_AGGRESSIVE;
				CLANG_CXX_LANGUAGE_STANDARD = "gnu++17";
				CLANG_CXX_LIBRARY = "libc++";
				CLANG_ENABLE_MODULES = YES;
				CLANG_ENABLE_OBJC_ARC = YES;
				CLANG_ENABLE_OBJC_WEAK = YES;
				CLANG_WARN_BLOCK_CAPTURE_AUTORELEASING = YES;
				CLANG_WARN_BOOL_CONVERSION = YES;
				CLANG_WARN_COMMA = YES;
				CLANG_WARN_CONSTANT_CONVERSION = YES;
				CLANG_WARN_DEPRECATED_OBJC_IMPLEMENTATIONS = YES;
				CLANG_WARN_DIRECT_OBJC_ISA_USAGE = YES_ERROR;
				CLANG_WARN_DOCUMENTATION_COMMENTS = YES;
				CLANG_WARN_EMPTY_BODY = YES;
				CLANG_WARN_ENUM_CONVERSION = YES;
				CLANG_WARN_INFINITE_RECURSION = YES;
				CLANG_WARN_INT_CONVERSION = YES;
				CLANG_WARN_NON_LITERAL_NULL_CONVERSION = YES;
				CLANG_WARN_OBJC_IMPLICIT_RETAIN_SELF = YES;
				CLANG_WARN_OBJC_LITERAL_CONVERSION = YES;
				CLANG_WARN_OBJC_ROOT_CLASS = YES_ERROR;
				CLANG_WARN_QUOTED_INCLUDE_IN_FRAMEWORK_HEADER = YES;
				CLANG_WARN_RANGE_LOOP_ANALYSIS = YES;
				CLANG_WARN_STRICT_PROTOTYPES = YES;
				CLANG_WARN_SUSPICIOUS_MOVE = YES;
				CLANG_WARN_UNGUARDED_AVAILABILITY = YES_AGGRESSIVE;
				CLANG_WARN_UNREACHABLE_CODE = YES;
				CLANG_WARN__DUPLICATE_METHOD_MATCH = YES;
				COPY_PHASE_STRIP = NO;
				DEBUG_INFORMATION_FORMAT = "dwarf-with-dsym";
				ENABLE_NS_ASSERTIONS = NO;
				ENABLE_STRICT_OBJC_MSGSEND = YES;
				GCC_C_LANGUAGE_STANDARD = gnu11;
				GCC_NO_COMMON_BLOCKS = YES;
				GCC_WARN_64_TO_32_BIT_CONVERSION = YES;
				GCC_WARN_ABOUT_RETURN_TYPE = YES_ERROR;
				GCC_WARN_UNDECLARED_SELECTOR = YES;
				GCC_WARN_UNINITIALIZED_AUTOS = YES_AGGRESSIVE;
				GCC_WARN_UNUSED_FUNCTION = YES;
				GCC_WARN_UNUSED_VARIABLE = YES;
				IPHONEOS_DEPLOYMENT_TARGET = 14.0;
				MTL_ENABLE_DEBUG_INFO = NO;
				MTL_FAST_MATH = YES;
				SDKROOT = iphoneos;
				SWIFT_COMPILATION_MODE = wholemodule;
				SWIFT_OPTIMIZATION_LEVEL = "-O";
				VALIDATE_PRODUCT = YES;
			};
			name = Release;
		};
		664C19202790129700D17D94 /* Debug */ = {
			isa = XCBuildConfiguration;
			buildSettings = {
				ASSETCATALOG_COMPILER_APPICON_NAME = AppIcon;
				ASSETCATALOG_COMPILER_GLOBAL_ACCENT_COLOR_NAME = AccentColor;
				CODE_SIGN_STYLE = Automatic;
				CURRENT_PROJECT_VERSION = 1;
				DEVELOPMENT_ASSET_PATHS = "\"Adam_20220113_Memorize/Preview Content\"";
				DEVELOPMENT_TEAM = N2KQ965WEJ;
				ENABLE_PREVIEWS = YES;
				GENERATE_INFOPLIST_FILE = YES;
				INFOPLIST_KEY_UIApplicationSceneManifest_Generation = YES;
				INFOPLIST_KEY_UIApplicationSupportsIndirectInputEvents = YES;
				INFOPLIST_KEY_UILaunchScreen_Generation = YES;
				INFOPLIST_KEY_UISupportedInterfaceOrientations_iPad = "UIInterfaceOrientationPortrait UIInterfaceOrientationPortraitUpsideDown UIInterfaceOrientationLandscapeLeft UIInterfaceOrientationLandscapeRight";
				INFOPLIST_KEY_UISupportedInterfaceOrientations_iPhone = "UIInterfaceOrientationPortrait UIInterfaceOrientationLandscapeLeft UIInterfaceOrientationLandscapeRight";
				IPHONEOS_DEPLOYMENT_TARGET = 14.0;
				LD_RUNPATH_SEARCH_PATHS = (
					"$(inherited)",
					"@executable_path/Frameworks",
				);
				MARKETING_VERSION = 1.0;
				PRODUCT_BUNDLE_IDENTIFIER = "com.adam.Adam-20220113-Memorize";
				PRODUCT_NAME = "$(TARGET_NAME)";
				SWIFT_EMIT_LOC_STRINGS = YES;
				SWIFT_VERSION = 5.0;
				TARGETED_DEVICE_FAMILY = "1,2";
			};
			name = Debug;
		};
		664C19212790129700D17D94 /* Release */ = {
			isa = XCBuildConfiguration;
			buildSettings = {
				ASSETCATALOG_COMPILER_APPICON_NAME = AppIcon;
				ASSETCATALOG_COMPILER_GLOBAL_ACCENT_COLOR_NAME = AccentColor;
				CODE_SIGN_STYLE = Automatic;
				CURRENT_PROJECT_VERSION = 1;
				DEVELOPMENT_ASSET_PATHS = "\"Adam_20220113_Memorize/Preview Content\"";
				DEVELOPMENT_TEAM = N2KQ965WEJ;
				ENABLE_PREVIEWS = YES;
				GENERATE_INFOPLIST_FILE = YES;
				INFOPLIST_KEY_UIApplicationSceneManifest_Generation = YES;
				INFOPLIST_KEY_UIApplicationSupportsIndirectInputEvents = YES;
				INFOPLIST_KEY_UILaunchScreen_Generation = YES;
				INFOPLIST_KEY_UISupportedInterfaceOrientations_iPad = "UIInterfaceOrientationPortrait UIInterfaceOrientationPortraitUpsideDown UIInterfaceOrientationLandscapeLeft UIInterfaceOrientationLandscapeRight";
				INFOPLIST_KEY_UISupportedInterfaceOrientations_iPhone = "UIInterfaceOrientationPortrait UIInterfaceOrientationLandscapeLeft UIInterfaceOrientationLandscapeRight";
				IPHONEOS_DEPLOYMENT_TARGET = 14.0;
				LD_RUNPATH_SEARCH_PATHS = (
					"$(inherited)",
					"@executable_path/Frameworks",
				);
				MARKETING_VERSION = 1.0;
				PRODUCT_BUNDLE_IDENTIFIER = "com.adam.Adam-20220113-Memorize";
				PRODUCT_NAME = "$(TARGET_NAME)";
				SWIFT_EMIT_LOC_STRINGS = YES;
				SWIFT_VERSION = 5.0;
				TARGETED_DEVICE_FAMILY = "1,2";
			};
			name = Release;
		};
		668E80B12798F984002B94D1 /* Debug */ = {
			isa = XCBuildConfiguration;
			buildSettings = {
				ASSETCATALOG_COMPILER_APPICON_NAME = AppIcon;
				ASSETCATALOG_COMPILER_GLOBAL_ACCENT_COLOR_NAME = AccentColor;
				CODE_SIGN_STYLE = Automatic;
				CURRENT_PROJECT_VERSION = 1;
				DEVELOPMENT_ASSET_PATHS = "\"Adam_20220120_EmojiArt/Preview Content\"";
				DEVELOPMENT_TEAM = N2KQ965WEJ;
				ENABLE_PREVIEWS = YES;
				GENERATE_INFOPLIST_FILE = YES;
				INFOPLIST_KEY_UIApplicationSceneManifest_Generation = YES;
				INFOPLIST_KEY_UIApplicationSupportsIndirectInputEvents = YES;
				INFOPLIST_KEY_UILaunchScreen_Generation = YES;
				INFOPLIST_KEY_UISupportedInterfaceOrientations_iPad = "UIInterfaceOrientationPortrait UIInterfaceOrientationPortraitUpsideDown UIInterfaceOrientationLandscapeLeft UIInterfaceOrientationLandscapeRight";
				INFOPLIST_KEY_UISupportedInterfaceOrientations_iPhone = "UIInterfaceOrientationPortrait UIInterfaceOrientationLandscapeLeft UIInterfaceOrientationLandscapeRight";
				IPHONEOS_DEPLOYMENT_TARGET = 15.2;
				LD_RUNPATH_SEARCH_PATHS = (
					"$(inherited)",
					"@executable_path/Frameworks",
				);
				MARKETING_VERSION = 1.0;
				PRODUCT_BUNDLE_IDENTIFIER = "com.adam.Adam-20220120-EmojiArt";
				PRODUCT_NAME = EmojiArt;
				SWIFT_EMIT_LOC_STRINGS = YES;
				SWIFT_VERSION = 5.0;
				TARGETED_DEVICE_FAMILY = "1,2";
			};
			name = Debug;
		};
		668E80B22798F984002B94D1 /* Release */ = {
			isa = XCBuildConfiguration;
			buildSettings = {
				ASSETCATALOG_COMPILER_APPICON_NAME = AppIcon;
				ASSETCATALOG_COMPILER_GLOBAL_ACCENT_COLOR_NAME = AccentColor;
				CODE_SIGN_STYLE = Automatic;
				CURRENT_PROJECT_VERSION = 1;
				DEVELOPMENT_ASSET_PATHS = "\"Adam_20220120_EmojiArt/Preview Content\"";
				DEVELOPMENT_TEAM = N2KQ965WEJ;
				ENABLE_PREVIEWS = YES;
				GENERATE_INFOPLIST_FILE = YES;
				INFOPLIST_KEY_UIApplicationSceneManifest_Generation = YES;
				INFOPLIST_KEY_UIApplicationSupportsIndirectInputEvents = YES;
				INFOPLIST_KEY_UILaunchScreen_Generation = YES;
				INFOPLIST_KEY_UISupportedInterfaceOrientations_iPad = "UIInterfaceOrientationPortrait UIInterfaceOrientationPortraitUpsideDown UIInterfaceOrientationLandscapeLeft UIInterfaceOrientationLandscapeRight";
				INFOPLIST_KEY_UISupportedInterfaceOrientations_iPhone = "UIInterfaceOrientationPortrait UIInterfaceOrientationLandscapeLeft UIInterfaceOrientationLandscapeRight";
				IPHONEOS_DEPLOYMENT_TARGET = 15.2;
				LD_RUNPATH_SEARCH_PATHS = (
					"$(inherited)",
					"@executable_path/Frameworks",
				);
				MARKETING_VERSION = 1.0;
				PRODUCT_BUNDLE_IDENTIFIER = "com.adam.Adam-20220120-EmojiArt";
				PRODUCT_NAME = EmojiArt;
				SWIFT_EMIT_LOC_STRINGS = YES;
				SWIFT_VERSION = 5.0;
				TARGETED_DEVICE_FAMILY = "1,2";
			};
			name = Release;
		};
/* End XCBuildConfiguration section */

/* Begin XCConfigurationList section */
		664C190C2790129500D17D94 /* Build configuration list for PBXProject "Adam_20220113_Memorize" */ = {
			isa = XCConfigurationList;
			buildConfigurations = (
				664C191D2790129700D17D94 /* Debug */,
				664C191E2790129700D17D94 /* Release */,
			);
			defaultConfigurationIsVisible = 0;
			defaultConfigurationName = Release;
		};
		664C191F2790129700D17D94 /* Build configuration list for PBXNativeTarget "Adam_20220113_Memorize" */ = {
			isa = XCConfigurationList;
			buildConfigurations = (
				664C19202790129700D17D94 /* Debug */,
				664C19212790129700D17D94 /* Release */,
			);
			defaultConfigurationIsVisible = 0;
			defaultConfigurationName = Release;
		};
		668E80B32798F984002B94D1 /* Build configuration list for PBXNativeTarget "Adam_20220120_EmojiArt" */ = {
			isa = XCConfigurationList;
			buildConfigurations = (
				668E80B12798F984002B94D1 /* Debug */,
				668E80B22798F984002B94D1 /* Release */,
			);
			defaultConfigurationIsVisible = 0;
			defaultConfigurationName = Release;
		};
/* End XCConfigurationList section */
	};
	rootObject = 664C19092790129500D17D94 /* Project object */;
}
